[[package]]
category = "dev"
description = "Atomic file writes."
marker = "sys_platform == \"win32\""
name = "atomicwrites"
optional = false
python-versions = ">=2.7, !=3.0.*, !=3.1.*, !=3.2.*, !=3.3.*"
version = "1.4.0"

[[package]]
category = "dev"
description = "Classes Without Boilerplate"
name = "attrs"
optional = false
python-versions = ">=2.7, !=3.0.*, !=3.1.*, !=3.2.*, !=3.3.*"
version = "19.3.0"

[package.extras]
azure-pipelines = ["coverage", "hypothesis", "pympler", "pytest (>=4.3.0)", "six", "zope.interface", "pytest-azurepipelines"]
dev = ["coverage", "hypothesis", "pympler", "pytest (>=4.3.0)", "six", "zope.interface", "sphinx", "pre-commit"]
docs = ["sphinx", "zope.interface"]
tests = ["coverage", "hypothesis", "pympler", "pytest (>=4.3.0)", "six", "zope.interface"]

[[package]]
category = "dev"
description = "Cross-platform colored terminal text."
marker = "sys_platform == \"win32\""
name = "colorama"
optional = false
python-versions = ">=2.7, !=3.0.*, !=3.1.*, !=3.2.*, !=3.3.*, !=3.4.*"
version = "0.4.3"

[[package]]
category = "main"
description = "A simple, extensible Markov chain generator. Uses include generating random semi-plausible sentences based on an existing text."
name = "markovify"
optional = false
python-versions = "*"
version = "0.8.0"

[package.dependencies]
unidecode = "*"

[[package]]
category = "main"
description = "Python wrapper for the MeCab morphological analyzer for Japanese"
name = "mecab-python3"
optional = false
python-versions = "*"
version = "1.0.0"

[package.extras]
unidic = ["unidic"]
unidic-lite = ["unidic-lite"]

[[package]]
category = "dev"
description = "More routines for operating on iterables, beyond itertools"
name = "more-itertools"
optional = false
python-versions = ">=3.5"
version = "8.3.0"

[[package]]
category = "dev"
description = "Core utilities for Python packages"
name = "packaging"
optional = false
python-versions = ">=2.7, !=3.0.*, !=3.1.*, !=3.2.*, !=3.3.*"
version = "20.4"

[package.dependencies]
pyparsing = ">=2.0.2"
six = "*"

[[package]]
category = "dev"
description = "plugin and hook calling mechanisms for python"
name = "pluggy"
optional = false
python-versions = ">=2.7, !=3.0.*, !=3.1.*, !=3.2.*, !=3.3.*"
version = "0.13.1"

[package.extras]
dev = ["pre-commit", "tox"]

[[package]]
category = "dev"
description = "library with cross-python path, ini-parsing, io, code, log facilities"
name = "py"
optional = false
python-versions = ">=2.7, !=3.0.*, !=3.1.*, !=3.2.*, !=3.3.*"
version = "1.8.1"

[[package]]
category = "main"
description = "Python module for JUMAN/KNP."
name = "pyknp"
optional = false
python-versions = "*"
version = "0.4.1"

[package.dependencies]
six = "*"

[[package]]
category = "dev"
description = "Python parsing module"
name = "pyparsing"
optional = false
python-versions = ">=2.6, !=3.0.*, !=3.1.*, !=3.2.*"
version = "2.4.7"

[[package]]
category = "dev"
description = "pytest: simple powerful testing with Python"
name = "pytest"
optional = false
python-versions = ">=3.5"
version = "5.4.2"

[package.dependencies]
atomicwrites = ">=1.0"
attrs = ">=17.4.0"
colorama = "*"
more-itertools = ">=4.0.0"
packaging = "*"
pluggy = ">=0.12,<1.0"
py = ">=1.5.0"
wcwidth = "*"

[package.extras]
checkqa-mypy = ["mypy (v0.761)"]
testing = ["argcomplete", "hypothesis (>=3.56)", "mock", "nose", "requests", "xmlschema"]

[[package]]
category = "main"
description = "Python 2 and 3 compatibility utilities"
name = "six"
optional = false
python-versions = ">=2.7, !=3.0.*, !=3.1.*, !=3.2.*"
version = "1.15.0"

[[package]]
category = "main"
description = ""
name = "ujimaru-markov-model"
optional = false
python-versions = ">=3.8,<4.0"
version = "0.3.0"

[package.dependencies]
markovify = ">=0.8.0,<0.9.0"

[[package]]
category = "main"
description = "ASCII transliterations of Unicode text"
name = "unidecode"
optional = false
python-versions = ">=2.7, !=3.0.*, !=3.1.*, !=3.2.*, !=3.3.*"
version = "1.1.1"

[[package]]
category = "dev"
description = "Measures number of Terminal column cells of wide-character codes"
name = "wcwidth"
optional = false
python-versions = "*"
version = "0.1.9"

[metadata]
content-hash = "24db7d8713addfe7455f4a3e9802e092c0a4aaa3a6d9986c318551d5c5d842fb"
python-versions = "^3.8"

[metadata.files]
atomicwrites = [
    {file = "atomicwrites-1.4.0-py2.py3-none-any.whl", hash = "sha256:6d1784dea7c0c8d4a5172b6c620f40b6e4cbfdf96d783691f2e1302a7b88e197"},
    {file = "atomicwrites-1.4.0.tar.gz", hash = "sha256:ae70396ad1a434f9c7046fd2dd196fc04b12f9e91ffb859164193be8b6168a7a"},
]
attrs = [
    {file = "attrs-19.3.0-py2.py3-none-any.whl", hash = "sha256:08a96c641c3a74e44eb59afb61a24f2cb9f4d7188748e76ba4bb5edfa3cb7d1c"},
    {file = "attrs-19.3.0.tar.gz", hash = "sha256:f7b7ce16570fe9965acd6d30101a28f62fb4a7f9e926b3bbc9b61f8b04247e72"},
]
colorama = [
    {file = "colorama-0.4.3-py2.py3-none-any.whl", hash = "sha256:7d73d2a99753107a36ac6b455ee49046802e59d9d076ef8e47b61499fa29afff"},
    {file = "colorama-0.4.3.tar.gz", hash = "sha256:e96da0d330793e2cb9485e9ddfd918d456036c7149416295932478192f4436a1"},
]
markovify = [
    {file = "markovify-0.8.0.tar.gz", hash = "sha256:c533a2e1aba8148bb98031b7159e8bf1a276c61db53d2e882ecb74fa5603a4f4"},
]
mecab-python3 = [
    {file = "mecab-python3-1.0.0.tar.gz", hash = "sha256:5c92be050b32e4cdc1811955e5ea60ae0fc6c7176d4d5e82c5d09530c317a476"},
    {file = "mecab_python3-1.0.0-cp27-cp27m-macosx_10_9_x86_64.whl", hash = "sha256:79347e2b82774651abc071f1b15efe4b146f5d4ca724f43c6d99c04707fadc9f"},
    {file = "mecab_python3-1.0.0-cp27-cp27m-manylinux1_i686.whl", hash = "sha256:48605fcac3c308b03a0154359e7e7efbc7c88d1e020510576a1945f96129d75f"},
    {file = "mecab_python3-1.0.0-cp27-cp27m-manylinux1_x86_64.whl", hash = "sha256:d8b29d613549636d32ae17c897d63c8d868867787665307cfa08d62da493073b"},
    {file = "mecab_python3-1.0.0-cp27-cp27m-manylinux2010_i686.whl", hash = "sha256:d1699451a81c6494c2c330dffcdf0daa6cd2b51e3623bcce5f9471ecbcdefc7d"},
    {file = "mecab_python3-1.0.0-cp27-cp27m-manylinux2010_x86_64.whl", hash = "sha256:910366058147dce0c5eb37b7651b0c7f5611ac3a5f60a9ac28d65673d225268e"},
    {file = "mecab_python3-1.0.0-cp27-cp27mu-manylinux1_i686.whl", hash = "sha256:8f0d58465f8545622e95a2c6e9b32e1a7a890797386e27dbef2d4dfff4d2fa81"},
    {file = "mecab_python3-1.0.0-cp27-cp27mu-manylinux1_x86_64.whl", hash = "sha256:3890c0eb49fb886575a8a4c312ffc39efa94fa629a6decfa47646addee953b64"},
    {file = "mecab_python3-1.0.0-cp27-cp27mu-manylinux2010_i686.whl", hash = "sha256:9de6227fd4c5f76b3dbae9c7141fdd36a49e7c99b42b2a17b3dadcf498223b96"},
    {file = "mecab_python3-1.0.0-cp27-cp27mu-manylinux2010_x86_64.whl", hash = "sha256:4fdd0db64a3ff8ac202ef55dff6ab222d8472b73b2aedd92925e856c50365385"},
    {file = "mecab_python3-1.0.0-cp35-cp35m-manylinux1_i686.whl", hash = "sha256:c96c5873836cf3f25b71be29b84c4105f0a33bd155ae44323a1b17ca26c3e12b"},
    {file = "mecab_python3-1.0.0-cp35-cp35m-manylinux1_x86_64.whl", hash = "sha256:f0b51a7f6a81f59e86ec014f61a425af5874c0e7a846dbc2bfed8e3ff316e6b0"},
    {file = "mecab_python3-1.0.0-cp35-cp35m-manylinux2010_i686.whl", hash = "sha256:ebf79fc83b31b3c7b95b0b6053ea0dbc8c9ae941078444d5b40a3f9b4932080e"},
    {file = "mecab_python3-1.0.0-cp35-cp35m-manylinux2010_x86_64.whl", hash = "sha256:0989020517bdc0b8b980cc9cfe2f6082e80bfc19af6b4c7e526766bc92ab9cc5"},
    {file = "mecab_python3-1.0.0-cp35-cp35m-win_amd64.whl", hash = "sha256:43fe8ca1c23bede8f2a001a965c469b868de94c442d4979c1c57841e899fafdd"},
    {file = "mecab_python3-1.0.0-cp36-cp36m-macosx_10_9_x86_64.whl", hash = "sha256:e02082c6873550d20550480405d562b4cde00e1307df3fe9aa1e278d731dd153"},
    {file = "mecab_python3-1.0.0-cp36-cp36m-manylinux1_i686.whl", hash = "sha256:1e41b7993b61f61956a59f273161b6f487c7fb7647772be100919812bd3d3c65"},
    {file = "mecab_python3-1.0.0-cp36-cp36m-manylinux1_x86_64.whl", hash = "sha256:b968e61cc308a569c4da9351c1cc99468e320579a39c640511075d202acfc018"},
    {file = "mecab_python3-1.0.0-cp36-cp36m-manylinux2010_i686.whl", hash = "sha256:4a1271e3a900db8c61787b45bf868a33e6d2107581b983c00f58f98f493f64e5"},
    {file = "mecab_python3-1.0.0-cp36-cp36m-manylinux2010_x86_64.whl", hash = "sha256:bf9f976abdc446180afa7e6af6f4ed61990eba8ea8d5f01529d91cca403dc253"},
    {file = "mecab_python3-1.0.0-cp36-cp36m-win_amd64.whl", hash = "sha256:1a09ed83dd80787583fe716d8d6f6f78939bcec1cb806fa6667dfaaad4c2d5ae"},
    {file = "mecab_python3-1.0.0-cp37-cp37m-macosx_10_9_x86_64.whl", hash = "sha256:1121192cda163aceb9b3f12e9f1dda12abfd4510e9e858058a65b8728ff4b08b"},
    {file = "mecab_python3-1.0.0-cp37-cp37m-manylinux1_i686.whl", hash = "sha256:f146010b3af47db089364c62413231e1438345765242c70c43585e4ee7aeffa8"},
    {file = "mecab_python3-1.0.0-cp37-cp37m-manylinux1_x86_64.whl", hash = "sha256:abd289cd082454245c8c1e23dfd15e35a7ac09a1b47d82c34dfbe5e5bd691146"},
    {file = "mecab_python3-1.0.0-cp37-cp37m-manylinux2010_i686.whl", hash = "sha256:9daaee7a0c234125c12abb8d83a806b8caf18ecf146871e6cce5c16ca20d6c6c"},
    {file = "mecab_python3-1.0.0-cp37-cp37m-manylinux2010_x86_64.whl", hash = "sha256:9fa83cb4f8744d21c4e0fb8abaeebf71e2c32ecf0b697fe629a42cff591a468d"},
    {file = "mecab_python3-1.0.0-cp37-cp37m-win_amd64.whl", hash = "sha256:4c01f1c7e4622eb4c812151bf29dd44cd869629fbf9353171bef4867a3464651"},
    {file = "mecab_python3-1.0.0-cp38-cp38-macosx_10_9_x86_64.whl", hash = "sha256:a912eee399754a656ebeffbad3b5f3077480d15ccc0156216872f0309a8ce2bc"},
    {file = "mecab_python3-1.0.0-cp38-cp38-manylinux1_i686.whl", hash = "sha256:18edc47bf0daec5a7c428f468f4ff12269f06138639b41688a91ae22f112b135"},
    {file = "mecab_python3-1.0.0-cp38-cp38-manylinux1_x86_64.whl", hash = "sha256:05ca239ec76da50800ba18bd383736e1a1a7df0db05fd2b6525d34e3b039f120"},
    {file = "mecab_python3-1.0.0-cp38-cp38-manylinux2010_i686.whl", hash = "sha256:6667fd513a53c2430cfe7ea165c3e7761c3c93189922237e953ab1672c506375"},
    {file = "mecab_python3-1.0.0-cp38-cp38-manylinux2010_x86_64.whl", hash = "sha256:edb47e1e34854d62131d2c29ff65a863812a8980ab46aed11faa565e9bc42521"},
    {file = "mecab_python3-1.0.0-cp38-cp38-win_amd64.whl", hash = "sha256:f020a1d9393824de59df0eae1fb551f5025fc37e263ab30bd10ac0ca4bd34bb1"},
]
more-itertools = [
    {file = "more-itertools-8.3.0.tar.gz", hash = "sha256:558bb897a2232f5e4f8e2399089e35aecb746e1f9191b6584a151647e89267be"},
    {file = "more_itertools-8.3.0-py3-none-any.whl", hash = "sha256:7818f596b1e87be009031c7653d01acc46ed422e6656b394b0f765ce66ed4982"},
]
packaging = [
    {file = "packaging-20.4-py2.py3-none-any.whl", hash = "sha256:998416ba6962ae7fbd6596850b80e17859a5753ba17c32284f67bfff33784181"},
    {file = "packaging-20.4.tar.gz", hash = "sha256:4357f74f47b9c12db93624a82154e9b120fa8293699949152b22065d556079f8"},
]
pluggy = [
    {file = "pluggy-0.13.1-py2.py3-none-any.whl", hash = "sha256:966c145cd83c96502c3c3868f50408687b38434af77734af1e9ca461a4081d2d"},
    {file = "pluggy-0.13.1.tar.gz", hash = "sha256:15b2acde666561e1298d71b523007ed7364de07029219b604cf808bfa1c765b0"},
]
py = [
    {file = "py-1.8.1-py2.py3-none-any.whl", hash = "sha256:c20fdd83a5dbc0af9efd622bee9a5564e278f6380fffcacc43ba6f43db2813b0"},
    {file = "py-1.8.1.tar.gz", hash = "sha256:5e27081401262157467ad6e7f851b7aa402c5852dbcb3dae06768434de5752aa"},
]
pyknp = [
    {file = "pyknp-0.4.1-py2-none-any.whl", hash = "sha256:98922d13395512fa4def77c15cf9fe4c81c65c072ba432db68a4fde1309f1193"},
    {file = "pyknp-0.4.1-py3-none-any.whl", hash = "sha256:5d165a0387f493bf72e917f56ca55047d162d5f5771a06d713012c428efdd480"},
]
pyparsing = [
    {file = "pyparsing-2.4.7-py2.py3-none-any.whl", hash = "sha256:ef9d7589ef3c200abe66653d3f1ab1033c3c419ae9b9bdb1240a85b024efc88b"},
    {file = "pyparsing-2.4.7.tar.gz", hash = "sha256:c203ec8783bf771a155b207279b9bccb8dea02d8f0c9e5f8ead507bc3246ecc1"},
]
pytest = [
    {file = "pytest-5.4.2-py3-none-any.whl", hash = "sha256:95c710d0a72d91c13fae35dce195633c929c3792f54125919847fdcdf7caa0d3"},
    {file = "pytest-5.4.2.tar.gz", hash = "sha256:eb2b5e935f6a019317e455b6da83dd8650ac9ffd2ee73a7b657a30873d67a698"},
]
six = [
    {file = "six-1.15.0-py2.py3-none-any.whl", hash = "sha256:8b74bedcbbbaca38ff6d7491d76f2b06b3592611af620f8426e82dddb04a5ced"},
    {file = "six-1.15.0.tar.gz", hash = "sha256:30639c035cdb23534cd4aa2dd52c3bf48f06e5f4a941509c8bafd8ce11080259"},
]
ujimaru-markov-model = [
    {file = "ujimaru-markov-model-0.3.0.tar.gz", hash = "sha256:70ad8cbb6282d4111d6adc7826e6e343208130cecead4579922a0984f9464c9d"},
    {file = "ujimaru_markov_model-0.3.0-py3-none-any.whl", hash = "sha256:444540a2b4cc0077c7b0e4340dc3b6b0a70c492eaa618827d060183d6deec2ff"},
]
unidecode = [
    {file = "Unidecode-1.1.1-py2.py3-none-any.whl", hash = "sha256:1d7a042116536098d05d599ef2b8616759f02985c85b4fef50c78a5aaf10822a"},
    {file = "Unidecode-1.1.1.tar.gz", hash = "sha256:2b6aab710c2a1647e928e36d69c21e76b453cd455f4e2621000e54b2a9b8cce8"},
]
wcwidth = [
    {file = "wcwidth-0.1.9-py2.py3-none-any.whl", hash = "sha256:cafe2186b3c009a04067022ce1dcd79cb38d8d65ee4f4791b8888d6599d1bbe1"},
    {file = "wcwidth-0.1.9.tar.gz", hash = "sha256:ee73862862a156bf77ff92b09034fc4825dd3af9cf81bc5b360668d425f3c5f1"},
]
